# versions.lock — the ONE file that says which engine this repo is validated with.
#
#   WRITTEN BY  the `engine` workflow (daily), on branch engine/upstream. By hand you
#               edit only WHAT IS FOLLOWED: upstream.track, archi.repository, archi.branch.
#   READ BY     ci.yaml + e2e.yaml  which image a PR is tested with   (runtime.ref@digest)
#               main.yaml           what gets pinned into envs/staging after a green e2e
#               engine.yaml         build args for docker/runtime/Dockerfile
#
# envs/staging/values.yaml is NOT an input any more: it is what staging RUNS, written by
# the bot in one commit (image + knowledge revision together) after main's e2e is green.
#
# Two upstreams are followed. Everything else is derived from them.
upstream: # okg — the engine (private repository, private images)
  repository: https://github.com/mitdbg/okg
  image: ghcr.io/mitdbg/okg
  postgres_image: ghcr.io/mitdbg/okg-postgres
  # The branch AND the image tag that is followed. okg publishes <image>:dev and
  # <image>:sha-<commit> for the tip of `dev` after every merge.
  track: dev
  # Read from the image (label org.opencontainers.image.revision), never chosen by hand.
  commit: 71a6a5ad918b7ebbe19bb666c4df170fe5f017f9
images:
  okg:
    ref: ghcr.io/mitdbg/okg@sha256:76f81753dbced321eb7379cb81914b6c0a7424d28172e4d2eb11af457b57049d
  okg-postgres:
    ref: ghcr.io/mitdbg/okg-postgres@sha256:019cbe3617a7d8efa6b61c8bea1f381ea9518febe279e643d3debf75b2c44809
archi: # archi-okg — the HEP distribution (public): connectors, bundle, schemas, skills
  repository: https://github.com/archi-physics/archi-okg
  branch: main # archi-okg has no `dev`; merges land on main
  commit: 19a26f5349a4c688c6a864a40807e73cff514d51
runtime: # OUR image = okg base + archi. Every line below is written by engine.yaml.
  ref: ghcr.io/nausikt/archi-crab-okg
  digest: sha256:6d3d103ae3970a7cf6e15b9b418ab3ce457fbf2b0d89ba0cbed2f0a727e87cc4
  built_from: e24ffc32d3e9134dcfa95f82f49ff16d56e0d38c
  base_user: "10001:10001" # the base image's USER, read from its config
  # Fingerprints of what `digest` was built from (scripts/engine-lock.sh). CI fails when
  # `inputs` no longer matches the pins above: someone moved a pin without rebuilding.
  inputs: fcac2bd171b6096ad043d4a1f579ec62f296751871a156450e9f5f5cec2d9406
  dockerfile: 6fa443313b4027eb439674684633178e7cd5a0e51be5620cb4b39d104d311061
