# versions.lock — the ONE file that says which engine this repo is validated with.
#
#   WRITTEN BY  the `engine` workflow (daily), on branch engine/upstream. By hand you
#               edit only WHAT IS FOLLOWED: upstream.track, archi.repository, archi.branch.
#   READ BY     ci.yaml + e2e.yaml  which image a PR is tested with   (runtime.ref@digest)
#               main.yaml           what gets pinned into envs/staging after a green e2e
#               engine.yaml         build args for docker/runtime/Dockerfile
#
# envs/staging/values.yaml is NOT an input any more: it is what staging RUNS, written by
# the bot in one commit (image + knowledge revision together) after main's e2e is green.
#
# Two upstreams are followed. Everything else is derived from them.
upstream: # okg — the engine (private repository, private images)
  repository: https://github.com/mitdbg/okg
  image: ghcr.io/mitdbg/okg
  postgres_image: ghcr.io/mitdbg/okg-postgres
  # The branch AND the image tag that is followed. okg publishes <image>:dev and
  # <image>:sha-<commit> for the tip of `dev` after every merge.
  track: dev
  # Read from the image (label org.opencontainers.image.revision), never chosen by hand.
  commit: 3d6cb3e8c2c2c81336eafe0768c40134a95b2797
images:
  okg:
    ref: ghcr.io/mitdbg/okg@sha256:74e9f846af5495a045cdcf431036853e0afff99ddbad031b6816ba119a5a668b
  okg-postgres:
    ref: ghcr.io/mitdbg/okg-postgres@sha256:b6cd6a0d74789d45c2c208f2e9c8522e0c1120841a51f8f7f17e74fc7a1f9e88
archi: # archi-okg — the HEP distribution (public): connectors, bundle, schemas, skills
  repository: https://github.com/archi-physics/archi-okg
  branch: main # archi-okg has no `dev`; merges land on main
  commit: faa731ff5e335c0d329356d4d1bcb2ab7340eb16
runtime: # OUR image = okg base + archi. Every line below is written by engine.yaml.
  ref: ghcr.io/nausikt/archi-crab-okg
  digest: sha256:4cfd0d05bc8c264f5678a92b7c406b0d534ab2ba9d9657667cc2b55e7ace5c91
  built_from: 95de640b73e92035db498b05e73a49539707868b
  base_user: "10001:10001" # the base image's USER, read from its config
  # Fingerprints of what `digest` was built from (scripts/engine-lock.sh). CI fails when
  # `inputs` no longer matches the pins above: someone moved a pin without rebuilding.
  inputs: ae0d9a48e21277a3b1e98b8eb314b5227c2a3291d3153ac091abd4cbe379be4a
  dockerfile: 42f24c886ed2e9b2797042a73801593403d5f7f45cb509030bf032785fe3c5a5
