# Engine parity contract, v0.7.0 — THREE pins, ONE image.
#   images.okg        upstream okg base (digest)      — engine bump = edit here
#   archi.commit      archi checkout baked on top     — archi bump  = edit here
#   runtime.digest    OUR derived image               — written by build.yaml's PR, never by hand
# Any change to the first two -> build.yaml -> engine-bump PR -> Runbook Phase B on that branch.
upstream:
  repository: https://github.com/mitdbg/okg
  commit: bed964f3fb89905e9d36abe46bdfbd8df5757132
images:
  okg:
    ref: ghcr.io/mitdbg/okg@sha256:5a825f73c8929d2153859d95bfaf4c6f4ae01f02d08477583a7af05131826705
  okg-postgres:
    ref: ghcr.io/mitdbg/okg-postgres@sha256:75845f96d973859c248f0f6741cb0a06445e9d312e563de7a39c5e25f3236616
archi:
  repository: https://github.com/archi-physics/archi
  branch: archi_v3_quickstart
  commit: 6da0d66390091e174c9e805f64bc66588ff4aedc # git ls-remote https://github.com/archi-physics/archi refs/heads/archi_v3_quickstart
runtime:
  ref: ghcr.io/nausikt/archi-crab-okg
  digest: sha256:8a0f499e8ff1a92d8facca5f037ac7f6bc60b165002035723817193659ef5737 # <- build.yaml
  built_from: 8a5ae94d1aed3f05f3a56464025b94f9e8384a61 # <- build.yaml (repo sha)
  base_user: "10001:10001" # podman inspect <images.okg.ref> | jq -r '.[0].Config.User'  (use "0" if empty)
validated:
  local_e2e: null
  staging: null
  prod: null
